
Microsoft Visual Studio Solution File, Format Version 12.00
# Visual Studio 15
VisualStudioVersion = 15.0.27703.2047
MinimumVisualStudioVersion = 10.0.40219.1
Project("{FAE04EC0-301F-11D3-BF4B-00C04F79EFBC}") = "ZigController", "ZigController\ZigController.csproj", "{84D12773-F81E-4FED-ADB6-458E38EB2B0B}"
EndProject
Global
	GlobalSection(SolutionConfigurationPlatforms) = preSolution
		Debug|Any CPU = Debug|Any CPU
		Release|Any CPU = Release|Any CPU
	EndGlobalSection
	GlobalSection(ProjectConfigurationPlatforms) = postSolution
		{84D12773-F81E-4FED-ADB6-458E38EB2B0B}.Debug|Any CPU.ActiveCfg = Debug|Any CPU
		{84D12773-F81E-4FED-ADB6-458E38EB2B0B}.Debug|Any CPU.Build.0 = Debug|Any CPU
		{84D12773-F81E-4FED-ADB6-458E38EB2B0B}.Release|Any CPU.ActiveCfg = Release|Any CPU
		{84D12773-F81E-4FED-ADB6-458E38EB2B0B}.Release|Any CPU.Build.0 = Release|Any CPU
	EndGlobalSection
	GlobalSection(SolutionProperties) = preSolution
		HideSolutionNode = FALSE
	EndGlobalSection
	GlobalSection(ExtensibilityGlobals) = postSolution
		SolutionGuid = {9BBFA054-905D-461A-AF89-EC80250A37D7}
	EndGlobalSection
EndGlobal
